
Microsoft Visual Studio Solution File, Format Version 12.00
# Visual Studio Version 17
VisualStudioVersion = 17.3.32901.215
MinimumVisualStudioVersion = 10.0.40219.1
Project("{FAE04EC0-301F-11D3-BF4B-00C04F79EFBC}") = "Drogecode.Blazor.Froala", "Drogecode.Blazor.Froala\Drogecode.Blazor.Froala.csproj", "{4AAAA5D4-2132-4410-8C1F-620E6FB6D48B}"
EndProject
Project("{2150E333-8FDC-42A3-9474-1A3956D46DE8}") = "Demo", "Demo", "{F7EAC247-EBC1-4090-816A-953F24569281}"
EndProject
Project("{FAE04EC0-301F-11D3-BF4B-00C04F79EFBC}") = "Drogecode.Blazor.ForalaDemo", "Drogecode.Blazor.ForalaDemo\Drogecode.Blazor.ForalaDemo.csproj", "{4336C96A-0AF9-47B1-BD67-AC2FEC68D6BF}"
EndProject
Global
	GlobalSection(SolutionConfigurationPlatforms) = preSolution
		Debug|Any CPU = Debug|Any CPU
		Release|Any CPU = Release|Any CPU
	EndGlobalSection
	GlobalSection(ProjectConfigurationPlatforms) = postSolution
		{4AAAA5D4-2132-4410-8C1F-620E6FB6D48B}.Debug|Any CPU.ActiveCfg = Debug|Any CPU
		{4AAAA5D4-2132-4410-8C1F-620E6FB6D48B}.Debug|Any CPU.Build.0 = Debug|Any CPU
		{4AAAA5D4-2132-4410-8C1F-620E6FB6D48B}.Release|Any CPU.ActiveCfg = Release|Any CPU
		{4AAAA5D4-2132-4410-8C1F-620E6FB6D48B}.Release|Any CPU.Build.0 = Release|Any CPU
		{4336C96A-0AF9-47B1-BD67-AC2FEC68D6BF}.Debug|Any CPU.ActiveCfg = Debug|Any CPU
		{4336C96A-0AF9-47B1-BD67-AC2FEC68D6BF}.Debug|Any CPU.Build.0 = Debug|Any CPU
		{4336C96A-0AF9-47B1-BD67-AC2FEC68D6BF}.Release|Any CPU.ActiveCfg = Release|Any CPU
		{4336C96A-0AF9-47B1-BD67-AC2FEC68D6BF}.Release|Any CPU.Build.0 = Release|Any CPU
	EndGlobalSection
	GlobalSection(SolutionProperties) = preSolution
		HideSolutionNode = FALSE
	EndGlobalSection
	GlobalSection(NestedProjects) = preSolution
		{4336C96A-0AF9-47B1-BD67-AC2FEC68D6BF} = {F7EAC247-EBC1-4090-816A-953F24569281}
	EndGlobalSection
	GlobalSection(ExtensibilityGlobals) = postSolution
		SolutionGuid = {FA57E674-4578-40C0-B1A9-B99FD4F019F0}
	EndGlobalSection
EndGlobal
