{
  "name": "drogecode.blazor.froala",
  "version": "1.0.0",
  "lockfileVersion": 2,
  "requires": true,
  "packages": {
    "": {
      "name": "drogecode.blazor.froala",
      "version": "1.0.0",
      "license": "ISC",
      "dependencies": {
        "froala-editor": "^4.0.14"
      }
    },
    "node_modules/froala-editor": {
      "version": "4.0.14",
      "resolved": "https://registry.npmjs.org/froala-editor/-/froala-editor-4.0.14.tgz",
      "integrity": "sha512-TMOaFszxfwP+R6JBRyovumncZipAPFWBHO3cMEPu994kgchTlTG2/YF4P0MRBgOCvpL0WLDKUpFzqG4oZ+xr0A=="
    }
  },
  "dependencies": {
    "froala-editor": {
      "version": "4.0.14",
      "resolved": "https://registry.npmjs.org/froala-editor/-/froala-editor-4.0.14.tgz",
      "integrity": "sha512-TMOaFszxfwP+R6JBRyovumncZipAPFWBHO3cMEPu994kgchTlTG2/YF4P0MRBgOCvpL0WLDKUpFzqG4oZ+xr0A=="
    }
  }
}
